
Microsoft Visual Studio Solution File, Format Version 12.00
# Visual Studio Version 16
VisualStudioVersion = 16.0.31129.286
MinimumVisualStudioVersion = 10.0.40219.1
Project("{9A19103F-16F7-4668-BE54-9A1E7A4F7556}") = "Pascal.Wallet.Connector", "Pascal.Wallet.Connector\Pascal.Wallet.Connector.csproj", "{34E8BA05-F2D8-400A-A697-B2D80D96D097}"
EndProject
Project("{9A19103F-16F7-4668-BE54-9A1E7A4F7556}") = "Pascal.Wallet.Connector.Demo", "Pascal.Wallet.ConnectorDemo\Pascal.Wallet.Connector.Demo.csproj", "{2B154502-EC0A-4AA5-8088-BAD4E9555936}"
EndProject
Project("{9A19103F-16F7-4668-BE54-9A1E7A4F7556}") = "Pascal.Wallet.Connector.Tests", "Pascal.Wallet.ConnectorTests\Pascal.Wallet.Connector.Tests.csproj", "{C804365F-8742-4D03-81F4-6DD125417DC5}"
EndProject
Global
	GlobalSection(SolutionConfigurationPlatforms) = preSolution
		Debug|Any CPU = Debug|Any CPU
		Release|Any CPU = Release|Any CPU
	EndGlobalSection
	GlobalSection(ProjectConfigurationPlatforms) = postSolution
		{34E8BA05-F2D8-400A-A697-B2D80D96D097}.Debug|Any CPU.ActiveCfg = Debug|Any CPU
		{34E8BA05-F2D8-400A-A697-B2D80D96D097}.Debug|Any CPU.Build.0 = Debug|Any CPU
		{34E8BA05-F2D8-400A-A697-B2D80D96D097}.Release|Any CPU.ActiveCfg = Release|Any CPU
		{34E8BA05-F2D8-400A-A697-B2D80D96D097}.Release|Any CPU.Build.0 = Release|Any CPU
		{2B154502-EC0A-4AA5-8088-BAD4E9555936}.Debug|Any CPU.ActiveCfg = Debug|Any CPU
		{2B154502-EC0A-4AA5-8088-BAD4E9555936}.Debug|Any CPU.Build.0 = Debug|Any CPU
		{2B154502-EC0A-4AA5-8088-BAD4E9555936}.Release|Any CPU.ActiveCfg = Release|Any CPU
		{2B154502-EC0A-4AA5-8088-BAD4E9555936}.Release|Any CPU.Build.0 = Release|Any CPU
		{C804365F-8742-4D03-81F4-6DD125417DC5}.Debug|Any CPU.ActiveCfg = Debug|Any CPU
		{C804365F-8742-4D03-81F4-6DD125417DC5}.Debug|Any CPU.Build.0 = Debug|Any CPU
		{C804365F-8742-4D03-81F4-6DD125417DC5}.Release|Any CPU.ActiveCfg = Release|Any CPU
		{C804365F-8742-4D03-81F4-6DD125417DC5}.Release|Any CPU.Build.0 = Release|Any CPU
	EndGlobalSection
	GlobalSection(SolutionProperties) = preSolution
		HideSolutionNode = FALSE
	EndGlobalSection
	GlobalSection(ExtensibilityGlobals) = postSolution
		SolutionGuid = {CDE318BB-B5A9-4873-978C-604C31CFACC0}
	EndGlobalSection
EndGlobal
